// !$*UTF8*$!
{
	archiveVersion = 1;
	classes = {
	};
	objectVersion = 56;
	objects = {

/* Begin PBXBuildFile section */
		310D0DC02B8537030095050D /* penguin.usdz in Resources */ = {isa = PBXBuildFile; fileRef = 310D0DBF2B8537030095050D /* penguin.usdz */; };
		313E61202B85B84800492AD1 /* kangaroo.usdz in Resources */ = {isa = PBXBuildFile; fileRef = 313E611F2B85B84800492AD1 /* kangaroo.usdz */; };
		313E61242B85B89A00492AD1 /* wolf.usdz in Resources */ = {isa = PBXBuildFile; fileRef = 313E61232B85B89A00492AD1 /* wolf.usdz */; };
		313E61262B85B8CD00492AD1 /* panda.usdz in Resources */ = {isa = PBXBuildFile; fileRef = 313E61252B85B8CD00492AD1 /* panda.usdz */; };
		313E61302B85C00F00492AD1 /* tiger.usdz in Resources */ = {isa = PBXBuildFile; fileRef = 313E612F2B85C00F00492AD1 /* tiger.usdz */; };
		313E61322B85C01F00492AD1 /* ostrich.scn in Resources */ = {isa = PBXBuildFile; fileRef = 313E61312B85C01F00492AD1 /* ostrich.scn */; };
		313E61342B85C80400492AD1 /* butterfly.usdz in Resources */ = {isa = PBXBuildFile; fileRef = 313E61332B85C80400492AD1 /* butterfly.usdz */; };
		314D5FF32B797AB9004BE340 /* ViewController.swift in Sources */ = {isa = PBXBuildFile; fileRef = 314D5FF22B797AB9004BE340 /* ViewController.swift */; };
		31A901082B8733440077B47A /* penguin.scn in Resources */ = {isa = PBXBuildFile; fileRef = 31A901072B8733440077B47A /* penguin.scn */; };
		31B37E6F2B87FC7E001025D4 /* monkey.usdz in Resources */ = {isa = PBXBuildFile; fileRef = 31B37E6E2B87FC7E001025D4 /* monkey.usdz */; };
		31B8C1E22B754FF100428612 /* SwiftAppApp.swift in Sources */ = {isa = PBXBuildFile; fileRef = 31B8C1E12B754FF100428612 /* SwiftAppApp.swift */; };
		31B8C1E42B754FF100428612 /* ContentView.swift in Sources */ = {isa = PBXBuildFile; fileRef = 31B8C1E32B754FF100428612 /* ContentView.swift */; };
		31B8C1E62B754FF300428612 /* Assets.xcassets in Resources */ = {isa = PBXBuildFile; fileRef = 31B8C1E52B754FF300428612 /* Assets.xcassets */; };
		31B8C1E92B754FF300428612 /* Preview Assets.xcassets in Resources */ = {isa = PBXBuildFile; fileRef = 31B8C1E82B754FF300428612 /* Preview Assets.xcassets */; };
		31B8C1F32B754FF400428612 /* SwiftAppTests.swift in Sources */ = {isa = PBXBuildFile; fileRef = 31B8C1F22B754FF400428612 /* SwiftAppTests.swift */; };
		31B8C1FD2B754FF400428612 /* SwiftAppUITests.swift in Sources */ = {isa = PBXBuildFile; fileRef = 31B8C1FC2B754FF400428612 /* SwiftAppUITests.swift */; };
		31B8C1FF2B754FF400428612 /* SwiftAppUITestsLaunchTests.swift in Sources */ = {isa = PBXBuildFile; fileRef = 31B8C1FE2B754FF400428612 /* SwiftAppUITestsLaunchTests.swift */; };
		31B8C20D2B75506900428612 /* Card.swift in Sources */ = {isa = PBXBuildFile; fileRef = 31B8C20C2B75506900428612 /* Card.swift */; };
		31B8C2102B75513E00428612 /* Home.swift in Sources */ = {isa = PBXBuildFile; fileRef = 31B8C20F2B75513E00428612 /* Home.swift */; };
		31FA88B82B8330C200904537 /* elephant.usdz in Resources */ = {isa = PBXBuildFile; fileRef = 31FA88B72B8330C200904537 /* elephant.usdz */; };
/* End PBXBuildFile section */

/* Begin PBXContainerItemProxy section */
		31B8C1EF2B754FF400428612 /* PBXContainerItemProxy */ = {
			isa = PBXContainerItemProxy;
			containerPortal = 31B8C1D62B754FF100428612 /* Project object */;
			proxyType = 1;
			remoteGlobalIDString = 31B8C1DD2B754FF100428612;
			remoteInfo = SwiftApp;
		};
		31B8C1F92B754FF400428612 /* PBXContainerItemProxy */ = {
			isa = PBXContainerItemProxy;
			containerPortal = 31B8C1D62B754FF100428612 /* Project object */;
			proxyType = 1;
			remoteGlobalIDString = 31B8C1DD2B754FF100428612;
			remoteInfo = SwiftApp;
		};
/* End PBXContainerItemProxy section */

/* Begin PBXFileReference section */
		310D0DBF2B8537030095050D /* penguin.usdz */ = {isa = PBXFileReference; lastKnownFileType = file.usdz; path = penguin.usdz; sourceTree = "<group>"; };
		313E611F2B85B84800492AD1 /* kangaroo.usdz */ = {isa = PBXFileReference; lastKnownFileType = file.usdz; path = kangaroo.usdz; sourceTree = "<group>"; };
		313E61232B85B89A00492AD1 /* wolf.usdz */ = {isa = PBXFileReference; lastKnownFileType = file.usdz; path = wolf.usdz; sourceTree = "<group>"; };
		313E61252B85B8CD00492AD1 /* panda.usdz */ = {isa = PBXFileReference; lastKnownFileType = file.usdz; path = panda.usdz; sourceTree = "<group>"; };
		313E612F2B85C00F00492AD1 /* tiger.usdz */ = {isa = PBXFileReference; lastKnownFileType = file.usdz; path = tiger.usdz; sourceTree = "<group>"; };
		313E61312B85C01F00492AD1 /* ostrich.scn */ = {isa = PBXFileReference; lastKnownFileType = file.bplist; path = ostrich.scn; sourceTree = "<group>"; };
		313E61332B85C80400492AD1 /* butterfly.usdz */ = {isa = PBXFileReference; lastKnownFileType = file.usdz; path = butterfly.usdz; sourceTree = "<group>"; };
		314D5FED2B79641A004BE340 /* Info.plist */ = {isa = PBXFileReference; lastKnownFileType = text.plist; path = Info.plist; sourceTree = "<group>"; };
		314D5FF22B797AB9004BE340 /* ViewController.swift */ = {isa = PBXFileReference; lastKnownFileType = sourcecode.swift; path = ViewController.swift; sourceTree = "<group>"; };
		31A901072B8733440077B47A /* penguin.scn */ = {isa = PBXFileReference; lastKnownFileType = file.bplist; path = penguin.scn; sourceTree = "<group>"; };
		31B37E6E2B87FC7E001025D4 /* monkey.usdz */ = {isa = PBXFileReference; lastKnownFileType = file.usdz; path = monkey.usdz; sourceTree = "<group>"; };
		31B8C1DE2B754FF100428612 /* SwiftApp.app */ = {isa = PBXFileReference; explicitFileType = wrapper.application; includeInIndex = 0; path = SwiftApp.app; sourceTree = BUILT_PRODUCTS_DIR; };
		31B8C1E12B754FF100428612 /* SwiftAppApp.swift */ = {isa = PBXFileReference; lastKnownFileType = sourcecode.swift; path = SwiftAppApp.swift; sourceTree = "<group>"; };
		31B8C1E32B754FF100428612 /* ContentView.swift */ = {isa = PBXFileReference; lastKnownFileType = sourcecode.swift; path = ContentView.swift; sourceTree = "<group>"; };
		31B8C1E52B754FF300428612 /* Assets.xcassets */ = {isa = PBXFileReference; lastKnownFileType = folder.assetcatalog; path = Assets.xcassets; sourceTree = "<group>"; };
		31B8C1E82B754FF300428612 /* Preview Assets.xcassets */ = {isa = PBXFileReference; lastKnownFileType = folder.assetcatalog; path = "Preview Assets.xcassets"; sourceTree = "<group>"; };
		31B8C1EE2B754FF400428612 /* SwiftAppTests.xctest */ = {isa = PBXFileReference; explicitFileType = wrapper.cfbundle; includeInIndex = 0; path = SwiftAppTests.xctest; sourceTree = BUILT_PRODUCTS_DIR; };
		31B8C1F22B754FF400428612 /* SwiftAppTests.swift */ = {isa = PBXFileReference; lastKnownFileType = sourcecode.swift; path = SwiftAppTests.swift; sourceTree = "<group>"; };
		31B8C1F82B754FF400428612 /* SwiftAppUITests.xctest */ = {isa = PBXFileReference; explicitFileType = wrapper.cfbundle; includeInIndex = 0; path = SwiftAppUITests.xctest; sourceTree = BUILT_PRODUCTS_DIR; };
		31B8C1FC2B754FF400428612 /* SwiftAppUITests.swift */ = {isa = PBXFileReference; lastKnownFileType = sourcecode.swift; path = SwiftAppUITests.swift; sourceTree = "<group>"; };
		31B8C1FE2B754FF400428612 /* SwiftAppUITestsLaunchTests.swift */ = {isa = PBXFileReference; lastKnownFileType = sourcecode.swift; path = SwiftAppUITestsLaunchTests.swift; sourceTree = "<group>"; };
		31B8C20C2B75506900428612 /* Card.swift */ = {isa = PBXFileReference; lastKnownFileType = sourcecode.swift; path = Card.swift; sourceTree = "<group>"; };
		31B8C20F2B75513E00428612 /* Home.swift */ = {isa = PBXFileReference; lastKnownFileType = sourcecode.swift; path = Home.swift; sourceTree = "<group>"; };
		31FA88B72B8330C200904537 /* elephant.usdz */ = {isa = PBXFileReference; lastKnownFileType = file.usdz; path = elephant.usdz; sourceTree = "<group>"; };
/* End PBXFileReference section */

/* Begin PBXFrameworksBuildPhase section */
		31B8C1DB2B754FF100428612 /* Frameworks */ = {
			isa = PBXFrameworksBuildPhase;
			buildActionMask = 2147483647;
			files = (
			);
			runOnlyForDeploymentPostprocessing = 0;
		};
		31B8C1EB2B754FF400428612 /* Frameworks */ = {
			isa = PBXFrameworksBuildPhase;
			buildActionMask = 2147483647;
			files = (
			);
			runOnlyForDeploymentPostprocessing = 0;
		};
		31B8C1F52B754FF400428612 /* Frameworks */ = {
			isa = PBXFrameworksBuildPhase;
			buildActionMask = 2147483647;
			files = (
			);
			runOnlyForDeploymentPostprocessing = 0;
		};
/* End PBXFrameworksBuildPhase section */

/* Begin PBXGroup section */
		31B8C1D52B754FF100428612 = {
			isa = PBXGroup;
			children = (
				31B8C1E02B754FF100428612 /* SwiftApp */,
				31B8C1F12B754FF400428612 /* SwiftAppTests */,
				31B8C1FB2B754FF400428612 /* SwiftAppUITests */,
				31B8C1DF2B754FF100428612 /* Products */,
			);
			sourceTree = "<group>";
		};
		31B8C1DF2B754FF100428612 /* Products */ = {
			isa = PBXGroup;
			children = (
				31B8C1DE2B754FF100428612 /* SwiftApp.app */,
				31B8C1EE2B754FF400428612 /* SwiftAppTests.xctest */,
				31B8C1F82B754FF400428612 /* SwiftAppUITests.xctest */,
			);
			name = Products;
			sourceTree = "<group>";
		};
		31B8C1E02B754FF100428612 /* SwiftApp */ = {
			isa = PBXGroup;
			children = (
				314D5FED2B79641A004BE340 /* Info.plist */,
				31B8C20E2B75513300428612 /* View */,
				31B8C20B2B75505000428612 /* Model */,
				31B8C1E12B754FF100428612 /* SwiftAppApp.swift */,
				31B8C1E32B754FF100428612 /* ContentView.swift */,
				31B8C1E52B754FF300428612 /* Assets.xcassets */,
				31B8C1E72B754FF300428612 /* Preview Content */,
			);
			path = SwiftApp;
			sourceTree = "<group>";
		};
		31B8C1E72B754FF300428612 /* Preview Content */ = {
			isa = PBXGroup;
			children = (
				31B8C1E82B754FF300428612 /* Preview Assets.xcassets */,
			);
			path = "Preview Content";
			sourceTree = "<group>";
		};
		31B8C1F12B754FF400428612 /* SwiftAppTests */ = {
			isa = PBXGroup;
			children = (
				31B8C1F22B754FF400428612 /* SwiftAppTests.swift */,
			);
			path = SwiftAppTests;
			sourceTree = "<group>";
		};
		31B8C1FB2B754FF400428612 /* SwiftAppUITests */ = {
			isa = PBXGroup;
			children = (
				31B8C1FC2B754FF400428612 /* SwiftAppUITests.swift */,
				31B8C1FE2B754FF400428612 /* SwiftAppUITestsLaunchTests.swift */,
			);
			path = SwiftAppUITests;
			sourceTree = "<group>";
		};
		31B8C20B2B75505000428612 /* Model */ = {
			isa = PBXGroup;
			children = (
				31B8C20C2B75506900428612 /* Card.swift */,
			);
			path = Model;
			sourceTree = "<group>";
		};
		31B8C20E2B75513300428612 /* View */ = {
			isa = PBXGroup;
			children = (
				314D5FF22B797AB9004BE340 /* ViewController.swift */,
				31B8C20F2B75513E00428612 /* Home.swift */,
				31FA88B72B8330C200904537 /* elephant.usdz */,
				310D0DBF2B8537030095050D /* penguin.usdz */,
				31A901072B8733440077B47A /* penguin.scn */,
				313E611F2B85B84800492AD1 /* kangaroo.usdz */,
				31B37E6E2B87FC7E001025D4 /* monkey.usdz */,
				313E61232B85B89A00492AD1 /* wolf.usdz */,
				313E61252B85B8CD00492AD1 /* panda.usdz */,
				313E61312B85C01F00492AD1 /* ostrich.scn */,
				313E612F2B85C00F00492AD1 /* tiger.usdz */,
				313E61332B85C80400492AD1 /* butterfly.usdz */,
			);
			path = View;
			sourceTree = "<group>";
		};
/* End PBXGroup section */

/* Begin PBXNativeTarget section */
		31B8C1DD2B754FF100428612 /* SwiftApp */ = {
			isa = PBXNativeTarget;
			buildConfigurationList = 31B8C2022B754FF400428612 /* Build configuration list for PBXNativeTarget "SwiftApp" */;
			buildPhases = (
				31B8C1DA2B754FF100428612 /* Sources */,
				31B8C1DB2B754FF100428612 /* Frameworks */,
				31B8C1DC2B754FF100428612 /* Resources */,
			);
			buildRules = (
			);
			dependencies = (
			);
			name = SwiftApp;
			productName = SwiftApp;
			productReference = 31B8C1DE2B754FF100428612 /* SwiftApp.app */;
			productType = "com.apple.product-type.application";
		};
		31B8C1ED2B754FF400428612 /* SwiftAppTests */ = {
			isa = PBXNativeTarget;
			buildConfigurationList = 31B8C2052B754FF400428612 /* Build configuration list for PBXNativeTarget "SwiftAppTests" */;
			buildPhases = (
				31B8C1EA2B754FF400428612 /* Sources */,
				31B8C1EB2B754FF400428612 /* Frameworks */,
				31B8C1EC2B754FF400428612 /* Resources */,
			);
			buildRules = (
			);
			dependencies = (
				31B8C1F02B754FF400428612 /* PBXTargetDependency */,
			);
			name = SwiftAppTests;
			productName = SwiftAppTests;
			productReference = 31B8C1EE2B754FF400428612 /* SwiftAppTests.xctest */;
			productType = "com.apple.product-type.bundle.unit-test";
		};
		31B8C1F72B754FF400428612 /* SwiftAppUITests */ = {
			isa = PBXNativeTarget;
			buildConfigurationList = 31B8C2082B754FF400428612 /* Build configuration list for PBXNativeTarget "SwiftAppUITests" */;
			buildPhases = (
				31B8C1F42B754FF400428612 /* Sources */,
				31B8C1F52B754FF400428612 /* Frameworks */,
				31B8C1F62B754FF400428612 /* Resources */,
			);
			buildRules = (
			);
			dependencies = (
				31B8C1FA2B754FF400428612 /* PBXTargetDependency */,
			);
			name = SwiftAppUITests;
			productName = SwiftAppUITests;
			productReference = 31B8C1F82B754FF400428612 /* SwiftAppUITests.xctest */;
			productType = "com.apple.product-type.bundle.ui-testing";
		};
/* End PBXNativeTarget section */

/* Begin PBXProject section */
		31B8C1D62B754FF100428612 /* Project object */ = {
			isa = PBXProject;
			attributes = {
				BuildIndependentTargetsInParallel = 1;
				LastSwiftUpdateCheck = 1520;
				LastUpgradeCheck = 1520;
				TargetAttributes = {
					31B8C1DD2B754FF100428612 = {
						CreatedOnToolsVersion = 15.2;
					};
					31B8C1ED2B754FF400428612 = {
						CreatedOnToolsVersion = 15.2;
						TestTargetID = 31B8C1DD2B754FF100428612;
					};
					31B8C1F72B754FF400428612 = {
						CreatedOnToolsVersion = 15.2;
						TestTargetID = 31B8C1DD2B754FF100428612;
					};
				};
			};
			buildConfigurationList = 31B8C1D92B754FF100428612 /* Build configuration list for PBXProject "SwiftApp" */;
			compatibilityVersion = "Xcode 14.0";
			developmentRegion = en;
			hasScannedForEncodings = 0;
			knownRegions = (
				en,
				Base,
			);
			mainGroup = 31B8C1D52B754FF100428612;
			productRefGroup = 31B8C1DF2B754FF100428612 /* Products */;
			projectDirPath = "";
			projectRoot = "";
			targets = (
				31B8C1DD2B754FF100428612 /* SwiftApp */,
				31B8C1ED2B754FF400428612 /* SwiftAppTests */,
				31B8C1F72B754FF400428612 /* SwiftAppUITests */,
			);
		};
/* End PBXProject section */

/* Begin PBXResourcesBuildPhase section */
		31B8C1DC2B754FF100428612 /* Resources */ = {
			isa = PBXResourcesBuildPhase;
			buildActionMask = 2147483647;
			files = (
				31B8C1E92B754FF300428612 /* Preview Assets.xcassets in Resources */,
				313E61262B85B8CD00492AD1 /* panda.usdz in Resources */,
				313E61242B85B89A00492AD1 /* wolf.usdz in Resources */,
				313E61342B85C80400492AD1 /* butterfly.usdz in Resources */,
				31A901082B8733440077B47A /* penguin.scn in Resources */,
				313E61202B85B84800492AD1 /* kangaroo.usdz in Resources */,
				31B37E6F2B87FC7E001025D4 /* monkey.usdz in Resources */,
				31B8C1E62B754FF300428612 /* Assets.xcassets in Resources */,
				310D0DC02B8537030095050D /* penguin.usdz in Resources */,
				313E61322B85C01F00492AD1 /* ostrich.scn in Resources */,
				31FA88B82B8330C200904537 /* elephant.usdz in Resources */,
				313E61302B85C00F00492AD1 /* tiger.usdz in Resources */,
			);
			runOnlyForDeploymentPostprocessing = 0;
		};
		31B8C1EC2B754FF400428612 /* Resources */ = {
			isa = PBXResourcesBuildPhase;
			buildActionMask = 2147483647;
			files = (
			);
			runOnlyForDeploymentPostprocessing = 0;
		};
		31B8C1F62B754FF400428612 /* Resources */ = {
			isa = PBXResourcesBuildPhase;
			buildActionMask = 2147483647;
			files = (
			);
			runOnlyForDeploymentPostprocessing = 0;
		};
/* End PBXResourcesBuildPhase section */

/* Begin PBXSourcesBuildPhase section */
		31B8C1DA2B754FF100428612 /* Sources */ = {
			isa = PBXSourcesBuildPhase;
			buildActionMask = 2147483647;
			files = (
				314D5FF32B797AB9004BE340 /* ViewController.swift in Sources */,
				31B8C1E42B754FF100428612 /* ContentView.swift in Sources */,
				31B8C20D2B75506900428612 /* Card.swift in Sources */,
				31B8C2102B75513E00428612 /* Home.swift in Sources */,
				31B8C1E22B754FF100428612 /* SwiftAppApp.swift in Sources */,
			);
			runOnlyForDeploymentPostprocessing = 0;
		};
		31B8C1EA2B754FF400428612 /* Sources */ = {
			isa = PBXSourcesBuildPhase;
			buildActionMask = 2147483647;
			files = (
				31B8C1F32B754FF400428612 /* SwiftAppTests.swift in Sources */,
			);
			runOnlyForDeploymentPostprocessing = 0;
		};
		31B8C1F42B754FF400428612 /* Sources */ = {
			isa = PBXSourcesBuildPhase;
			buildActionMask = 2147483647;
			files = (
				31B8C1FF2B754FF400428612 /* SwiftAppUITestsLaunchTests.swift in Sources */,
				31B8C1FD2B754FF400428612 /* SwiftAppUITests.swift in Sources */,
			);
			runOnlyForDeploymentPostprocessing = 0;
		};
/* End PBXSourcesBuildPhase section */

/* Begin PBXTargetDependency section */
		31B8C1F02B754FF400428612 /* PBXTargetDependency */ = {
			isa = PBXTargetDependency;
			target = 31B8C1DD2B754FF100428612 /* SwiftApp */;
			targetProxy = 31B8C1EF2B754FF400428612 /* PBXContainerItemProxy */;
		};
		31B8C1FA2B754FF400428612 /* PBXTargetDependency */ = {
			isa = PBXTargetDependency;
			target = 31B8C1DD2B754FF100428612 /* SwiftApp */;
			targetProxy = 31B8C1F92B754FF400428612 /* PBXContainerItemProxy */;
		};
/* End PBXTargetDependency section */

/* Begin XCBuildConfiguration section */
		31B8C2002B754FF400428612 /* Debug */ = {
			isa = XCBuildConfiguration;
			buildSettings = {
				ALWAYS_SEARCH_USER_PATHS = NO;
				ASSETCATALOG_COMPILER_GENERATE_SWIFT_ASSET_SYMBOL_EXTENSIONS = YES;
				CLANG_ANALYZER_NONNULL = YES;
				CLANG_ANALYZER_NUMBER_OBJECT_CONVERSION = YES_AGGRESSIVE;
				CLANG_CXX_LANGUAGE_STANDARD = "gnu++20";
				CLANG_ENABLE_MODULES = YES;
				CLANG_ENABLE_OBJC_ARC = YES;
				CLANG_ENABLE_OBJC_WEAK = YES;
				CLANG_WARN_BLOCK_CAPTURE_AUTORELEASING = YES;
				CLANG_WARN_BOOL_CONVERSION = YES;
				CLANG_WARN_COMMA = YES;
				CLANG_WARN_CONSTANT_CONVERSION = YES;
				CLANG_WARN_DEPRECATED_OBJC_IMPLEMENTATIONS = YES;
				CLANG_WARN_DIRECT_OBJC_ISA_USAGE = YES_ERROR;
				CLANG_WARN_DOCUMENTATION_COMMENTS = YES;
				CLANG_WARN_EMPTY_BODY = YES;
				CLANG_WARN_ENUM_CONVERSION = YES;
				CLANG_WARN_INFINITE_RECURSION = YES;
				CLANG_WARN_INT_CONVERSION = YES;
				CLANG_WARN_NON_LITERAL_NULL_CONVERSION = YES;
				CLANG_WARN_OBJC_IMPLICIT_RETAIN_SELF = YES;
				CLANG_WARN_OBJC_LITERAL_CONVERSION = YES;
				CLANG_WARN_OBJC_ROOT_CLASS = YES_ERROR;
				CLANG_WARN_QUOTED_INCLUDE_IN_FRAMEWORK_HEADER = YES;
				CLANG_WARN_RANGE_LOOP_ANALYSIS = YES;
				CLANG_WARN_STRICT_PROTOTYPES = YES;
				CLANG_WARN_SUSPICIOUS_MOVE = YES;
				CLANG_WARN_UNGUARDED_AVAILABILITY = YES_AGGRESSIVE;
				CLANG_WARN_UNREACHABLE_CODE = YES;
				CLANG_WARN__DUPLICATE_METHOD_MATCH = YES;
				COPY_PHASE_STRIP = NO;
				DEBUG_INFORMATION_FORMAT = dwarf;
				ENABLE_STRICT_OBJC_MSGSEND = YES;
				ENABLE_TESTABILITY = YES;
				ENABLE_USER_SCRIPT_SANDBOXING = YES;
				GCC_C_LANGUAGE_STANDARD = gnu17;
				GCC_DYNAMIC_NO_PIC = NO;
				GCC_NO_COMMON_BLOCKS = YES;
				GCC_OPTIMIZATION_LEVEL = 0;
				GCC_PREPROCESSOR_DEFINITIONS = (
					"DEBUG=1",
					"$(inherited)",
				);
				GCC_WARN_64_TO_32_BIT_CONVERSION = YES;
				GCC_WARN_ABOUT_RETURN_TYPE = YES_ERROR;
				GCC_WARN_UNDECLARED_SELECTOR = YES;
				GCC_WARN_UNINITIALIZED_AUTOS = YES_AGGRESSIVE;
				GCC_WARN_UNUSED_FUNCTION = YES;
				GCC_WARN_UNUSED_VARIABLE = YES;
				IPHONEOS_DEPLOYMENT_TARGET = 16.0;
				LOCALIZATION_PREFERS_STRING_CATALOGS = YES;
				MTL_ENABLE_DEBUG_INFO = INCLUDE_SOURCE;
				MTL_FAST_MATH = YES;
				ONLY_ACTIVE_ARCH = YES;
				SDKROOT = iphoneos;
				SWIFT_ACTIVE_COMPILATION_CONDITIONS = "DEBUG $(inherited)";
				SWIFT_OPTIMIZATION_LEVEL = "-Onone";
			};
			name = Debug;
		};
		31B8C2012B754FF400428612 /* Release */ = {
			isa = XCBuildConfiguration;
			buildSettings = {
				ALWAYS_SEARCH_USER_PATHS = NO;
				ASSETCATALOG_COMPILER_GENERATE_SWIFT_ASSET_SYMBOL_EXTENSIONS = YES;
				CLANG_ANALYZER_NONNULL = YES;
				CLANG_ANALYZER_NUMBER_OBJECT_CONVERSION = YES_AGGRESSIVE;
				CLANG_CXX_LANGUAGE_STANDARD = "gnu++20";
				CLANG_ENABLE_MODULES = YES;
				CLANG_ENABLE_OBJC_ARC = YES;
				CLANG_ENABLE_OBJC_WEAK = YES;
				CLANG_WARN_BLOCK_CAPTURE_AUTORELEASING = YES;
				CLANG_WARN_BOOL_CONVERSION = YES;
				CLANG_WARN_COMMA = YES;
				CLANG_WARN_CONSTANT_CONVERSION = YES;
				CLANG_WARN_DEPRECATED_OBJC_IMPLEMENTATIONS = YES;
				CLANG_WARN_DIRECT_OBJC_ISA_USAGE = YES_ERROR;
				CLANG_WARN_DOCUMENTATION_COMMENTS = YES;
				CLANG_WARN_EMPTY_BODY = YES;
				CLANG_WARN_ENUM_CONVERSION = YES;
				CLANG_WARN_INFINITE_RECURSION = YES;
				CLANG_WARN_INT_CONVERSION = YES;
				CLANG_WARN_NON_LITERAL_NULL_CONVERSION = YES;
				CLANG_WARN_OBJC_IMPLICIT_RETAIN_SELF = YES;
				CLANG_WARN_OBJC_LITERAL_CONVERSION = YES;
				CLANG_WARN_OBJC_ROOT_CLASS = YES_ERROR;
				CLANG_WARN_QUOTED_INCLUDE_IN_FRAMEWORK_HEADER = YES;
				CLANG_WARN_RANGE_LOOP_ANALYSIS = YES;
				CLANG_WARN_STRICT_PROTOTYPES = YES;
				CLANG_WARN_SUSPICIOUS_MOVE = YES;
				CLANG_WARN_UNGUARDED_AVAILABILITY = YES_AGGRESSIVE;
				CLANG_WARN_UNREACHABLE_CODE = YES;
				CLANG_WARN__DUPLICATE_METHOD_MATCH = YES;
				COPY_PHASE_STRIP = NO;
				DEBUG_INFORMATION_FORMAT = "dwarf-with-dsym";
				ENABLE_NS_ASSERTIONS = NO;
				ENABLE_STRICT_OBJC_MSGSEND = YES;
				ENABLE_USER_SCRIPT_SANDBOXING = YES;
				GCC_C_LANGUAGE_STANDARD = gnu17;
				GCC_NO_COMMON_BLOCKS = YES;
				GCC_WARN_64_TO_32_BIT_CONVERSION = YES;
				GCC_WARN_ABOUT_RETURN_TYPE = YES_ERROR;
				GCC_WARN_UNDECLARED_SELECTOR = YES;
				GCC_WARN_UNINITIALIZED_AUTOS = YES_AGGRESSIVE;
				GCC_WARN_UNUSED_FUNCTION = YES;
				GCC_WARN_UNUSED_VARIABLE = YES;
				IPHONEOS_DEPLOYMENT_TARGET = 16.0;
				LOCALIZATION_PREFERS_STRING_CATALOGS = YES;
				MTL_ENABLE_DEBUG_INFO = NO;
				MTL_FAST_MATH = YES;
				SDKROOT = iphoneos;
				SWIFT_COMPILATION_MODE = wholemodule;
				VALIDATE_PRODUCT = YES;
			};
			name = Release;
		};
		31B8C2032B754FF400428612 /* Debug */ = {
			isa = XCBuildConfiguration;
			buildSettings = {
				ASSETCATALOG_COMPILER_APPICON_NAME = AppIcon;
				ASSETCATALOG_COMPILER_GLOBAL_ACCENT_COLOR_NAME = AccentColor;
				CODE_SIGN_STYLE = Automatic;
				CURRENT_PROJECT_VERSION = 1;
				DEVELOPMENT_ASSET_PATHS = "\"SwiftApp/Preview Content\"";
				DEVELOPMENT_TEAM = E53M7V24RT;
				ENABLE_PREVIEWS = YES;
				GENERATE_INFOPLIST_FILE = YES;
				INFOPLIST_FILE = SwiftApp/Info.plist;
				INFOPLIST_KEY_NSCameraUsageDescription = "This app requires permission to use the camera";
				INFOPLIST_KEY_UIApplicationSceneManifest_Generation = YES;
				INFOPLIST_KEY_UIApplicationSupportsIndirectInputEvents = YES;
				INFOPLIST_KEY_UILaunchScreen_Generation = YES;
				INFOPLIST_KEY_UISupportedInterfaceOrientations_iPad = "UIInterfaceOrientationPortrait UIInterfaceOrientationPortraitUpsideDown UIInterfaceOrientationLandscapeLeft UIInterfaceOrientationLandscapeRight";
				INFOPLIST_KEY_UISupportedInterfaceOrientations_iPhone = "UIInterfaceOrientationPortrait UIInterfaceOrientationLandscapeLeft UIInterfaceOrientationLandscapeRight";
				LD_RUNPATH_SEARCH_PATHS = (
					"$(inherited)",
					"@executable_path/Frameworks",
				);
				MARKETING_VERSION = 1.0;
				PRODUCT_BUNDLE_IDENTIFIER = "iyan-sonesra.SwiftApp";
				PRODUCT_NAME = "$(TARGET_NAME)";
				SWIFT_EMIT_LOC_STRINGS = YES;
				SWIFT_VERSION = 5.0;
				TARGETED_DEVICE_FAMILY = "1,2";
			};
			name = Debug;
		};
		31B8C2042B754FF400428612 /* Release */ = {
			isa = XCBuildConfiguration;
			buildSettings = {
				ASSETCATALOG_COMPILER_APPICON_NAME = AppIcon;
				ASSETCATALOG_COMPILER_GLOBAL_ACCENT_COLOR_NAME = AccentColor;
				CODE_SIGN_STYLE = Automatic;
				CURRENT_PROJECT_VERSION = 1;
				DEVELOPMENT_ASSET_PATHS = "\"SwiftApp/Preview Content\"";
				DEVELOPMENT_TEAM = E53M7V24RT;
				ENABLE_PREVIEWS = YES;
				GENERATE_INFOPLIST_FILE = YES;
				INFOPLIST_FILE = SwiftApp/Info.plist;
				INFOPLIST_KEY_NSCameraUsageDescription = "This app requires permission to use the camera";
				INFOPLIST_KEY_UIApplicationSceneManifest_Generation = YES;
				INFOPLIST_KEY_UIApplicationSupportsIndirectInputEvents = YES;
				INFOPLIST_KEY_UILaunchScreen_Generation = YES;
				INFOPLIST_KEY_UISupportedInterfaceOrientations_iPad = "UIInterfaceOrientationPortrait UIInterfaceOrientationPortraitUpsideDown UIInterfaceOrientationLandscapeLeft UIInterfaceOrientationLandscapeRight";
				INFOPLIST_KEY_UISupportedInterfaceOrientations_iPhone = "UIInterfaceOrientationPortrait UIInterfaceOrientationLandscapeLeft UIInterfaceOrientationLandscapeRight";
				LD_RUNPATH_SEARCH_PATHS = (
					"$(inherited)",
					"@executable_path/Frameworks",
				);
				MARKETING_VERSION = 1.0;
				PRODUCT_BUNDLE_IDENTIFIER = "iyan-sonesra.SwiftApp";
				PRODUCT_NAME = "$(TARGET_NAME)";
				SWIFT_EMIT_LOC_STRINGS = YES;
				SWIFT_VERSION = 5.0;
				TARGETED_DEVICE_FAMILY = "1,2";
			};
			name = Release;
		};
		31B8C2062B754FF400428612 /* Debug */ = {
			isa = XCBuildConfiguration;
			buildSettings = {
				ALWAYS_EMBED_SWIFT_STANDARD_LIBRARIES = YES;
				BUNDLE_LOADER = "$(TEST_HOST)";
				CODE_SIGN_STYLE = Automatic;
				CURRENT_PROJECT_VERSION = 1;
				DEVELOPMENT_TEAM = E53M7V24RT;
				GENERATE_INFOPLIST_FILE = YES;
				IPHONEOS_DEPLOYMENT_TARGET = 17.2;
				MARKETING_VERSION = 1.0;
				PRODUCT_BUNDLE_IDENTIFIER = "iyan-sonesra.SwiftAppTests";
				PRODUCT_NAME = "$(TARGET_NAME)";
				SWIFT_EMIT_LOC_STRINGS = NO;
				SWIFT_VERSION = 5.0;
				TARGETED_DEVICE_FAMILY = "1,2";
				TEST_HOST = "$(BUILT_PRODUCTS_DIR)/SwiftApp.app/$(BUNDLE_EXECUTABLE_FOLDER_PATH)/SwiftApp";
			};
			name = Debug;
		};
		31B8C2072B754FF400428612 /* Release */ = {
			isa = XCBuildConfiguration;
			buildSettings = {
				ALWAYS_EMBED_SWIFT_STANDARD_LIBRARIES = YES;
				BUNDLE_LOADER = "$(TEST_HOST)";
				CODE_SIGN_STYLE = Automatic;
				CURRENT_PROJECT_VERSION = 1;
				DEVELOPMENT_TEAM = E53M7V24RT;
				GENERATE_INFOPLIST_FILE = YES;
				IPHONEOS_DEPLOYMENT_TARGET = 17.2;
				MARKETING_VERSION = 1.0;
				PRODUCT_BUNDLE_IDENTIFIER = "iyan-sonesra.SwiftAppTests";
				PRODUCT_NAME = "$(TARGET_NAME)";
				SWIFT_EMIT_LOC_STRINGS = NO;
				SWIFT_VERSION = 5.0;
				TARGETED_DEVICE_FAMILY = "1,2";
				TEST_HOST = "$(BUILT_PRODUCTS_DIR)/SwiftApp.app/$(BUNDLE_EXECUTABLE_FOLDER_PATH)/SwiftApp";
			};
			name = Release;
		};
		31B8C2092B754FF400428612 /* Debug */ = {
			isa = XCBuildConfiguration;
			buildSettings = {
				ALWAYS_EMBED_SWIFT_STANDARD_LIBRARIES = YES;
				CODE_SIGN_STYLE = Automatic;
				CURRENT_PROJECT_VERSION = 1;
				DEVELOPMENT_TEAM = E53M7V24RT;
				GENERATE_INFOPLIST_FILE = YES;
				MARKETING_VERSION = 1.0;
				PRODUCT_BUNDLE_IDENTIFIER = "iyan-sonesra.SwiftAppUITests";
				PRODUCT_NAME = "$(TARGET_NAME)";
				SWIFT_EMIT_LOC_STRINGS = NO;
				SWIFT_VERSION = 5.0;
				TARGETED_DEVICE_FAMILY = "1,2";
				TEST_TARGET_NAME = SwiftApp;
			};
			name = Debug;
		};
		31B8C20A2B754FF400428612 /* Release */ = {
			isa = XCBuildConfiguration;
			buildSettings = {
				ALWAYS_EMBED_SWIFT_STANDARD_LIBRARIES = YES;
				CODE_SIGN_STYLE = Automatic;
				CURRENT_PROJECT_VERSION = 1;
				DEVELOPMENT_TEAM = E53M7V24RT;
				GENERATE_INFOPLIST_FILE = YES;
				MARKETING_VERSION = 1.0;
				PRODUCT_BUNDLE_IDENTIFIER = "iyan-sonesra.SwiftAppUITests";
				PRODUCT_NAME = "$(TARGET_NAME)";
				SWIFT_EMIT_LOC_STRINGS = NO;
				SWIFT_VERSION = 5.0;
				TARGETED_DEVICE_FAMILY = "1,2";
				TEST_TARGET_NAME = SwiftApp;
			};
			name = Release;
		};
/* End XCBuildConfiguration section */

/* Begin XCConfigurationList section */
		31B8C1D92B754FF100428612 /* Build configuration list for PBXProject "SwiftApp" */ = {
			isa = XCConfigurationList;
			buildConfigurations = (
				31B8C2002B754FF400428612 /* Debug */,
				31B8C2012B754FF400428612 /* Release */,
			);
			defaultConfigurationIsVisible = 0;
			defaultConfigurationName = Release;
		};
		31B8C2022B754FF400428612 /* Build configuration list for PBXNativeTarget "SwiftApp" */ = {
			isa = XCConfigurationList;
			buildConfigurations = (
				31B8C2032B754FF400428612 /* Debug */,
				31B8C2042B754FF400428612 /* Release */,
			);
			defaultConfigurationIsVisible = 0;
			defaultConfigurationName = Release;
		};
		31B8C2052B754FF400428612 /* Build configuration list for PBXNativeTarget "SwiftAppTests" */ = {
			isa = XCConfigurationList;
			buildConfigurations = (
				31B8C2062B754FF400428612 /* Debug */,
				31B8C2072B754FF400428612 /* Release */,
			);
			defaultConfigurationIsVisible = 0;
			defaultConfigurationName = Release;
		};
		31B8C2082B754FF400428612 /* Build configuration list for PBXNativeTarget "SwiftAppUITests" */ = {
			isa = XCConfigurationList;
			buildConfigurations = (
				31B8C2092B754FF400428612 /* Debug */,
				31B8C20A2B754FF400428612 /* Release */,
			);
			defaultConfigurationIsVisible = 0;
			defaultConfigurationName = Release;
		};
/* End XCConfigurationList section */
	};
	rootObject = 31B8C1D62B754FF100428612 /* Project object */;
}
